// !$*UTF8*$!
{
	archiveVersion = 1;
	classes = {
	};
	objectVersion = 46;
	objects = {

/* Begin PBXBuildFile section */
		A0B09FD01E16DA0700CEE212 /* AppDelegate.swift in Sources */ = {isa = PBXBuildFile; fileRef = A0B09FCF1E16DA0700CEE212 /* AppDelegate.swift */; };
		A0B09FD21E16DA0700CEE212 /* FaceViewController.swift in Sources */ = {isa = PBXBuildFile; fileRef = A0B09FD11E16DA0700CEE212 /* FaceViewController.swift */; };
		A0B09FD51E16DA0700CEE212 /* Main.storyboard in Resources */ = {isa = PBXBuildFile; fileRef = A0B09FD31E16DA0700CEE212 /* Main.storyboard */; };
		A0B09FD71E16DA0700CEE212 /* Assets.xcassets in Resources */ = {isa = PBXBuildFile; fileRef = A0B09FD61E16DA0700CEE212 /* Assets.xcassets */; };
		A0B09FDA1E16DA0700CEE212 /* LaunchScreen.storyboard in Resources */ = {isa = PBXBuildFile; fileRef = A0B09FD81E16DA0700CEE212 /* LaunchScreen.storyboard */; };
		A0B09FE51E16DB9600CEE212 /* FaceView.swift in Sources */ = {isa = PBXBuildFile; fileRef = A0B09FE41E16DB9600CEE212 /* FaceView.swift */; };
/* End PBXBuildFile section */

/* Begin PBXFileReference section */
		A0B09FCC1E16DA0700CEE212 /* FaceIt.app */ = {isa = PBXFileReference; explicitFileType = wrapper.application; includeInIndex = 0; path = FaceIt.app; sourceTree = BUILT_PRODUCTS_DIR; };
		A0B09FCF1E16DA0700CEE212 /* AppDelegate.swift */ = {isa = PBXFileReference; lastKnownFileType = sourcecode.swift; path = AppDelegate.swift; sourceTree = "<group>"; };
		A0B09FD11E16DA0700CEE212 /* FaceViewController.swift */ = {isa = PBXFileReference; lastKnownFileType = sourcecode.swift; path = FaceViewController.swift; sourceTree = "<group>"; };
		A0B09FD41E16DA0700CEE212 /* Base */ = {isa = PBXFileReference; lastKnownFileType = file.storyboard; name = Base; path = Base.lproj/Main.storyboard; sourceTree = "<group>"; };
		A0B09FD61E16DA0700CEE212 /* Assets.xcassets */ = {isa = PBXFileReference; lastKnownFileType = folder.assetcatalog; path = Assets.xcassets; sourceTree = "<group>"; };
		A0B09FD91E16DA0700CEE212 /* Base */ = {isa = PBXFileReference; lastKnownFileType = file.storyboard; name = Base; path = Base.lproj/LaunchScreen.storyboard; sourceTree = "<group>"; };
		A0B09FDB1E16DA0700CEE212 /* Info.plist */ = {isa = PBXFileReference; lastKnownFileType = text.plist.xml; path = Info.plist; sourceTree = "<group>"; };
		A0B09FE41E16DB9600CEE212 /* FaceView.swift */ = {isa = PBXFileReference; fileEncoding = 4; lastKnownFileType = sourcecode.swift; name = FaceView.swift; path = FaceIt/FaceView.swift; sourceTree = "<group>"; };
/* End PBXFileReference section */

/* Begin PBXFrameworksBuildPhase section */
		A0B09FC91E16DA0700CEE212 /* Frameworks */ = {
			isa = PBXFrameworksBuildPhase;
			buildActionMask = 2147483647;
			files = (
			);
			runOnlyForDeploymentPostprocessing = 0;
		};
/* End PBXFrameworksBuildPhase section */

/* Begin PBXGroup section */
		A0B09FC31E16DA0700CEE212 = {
			isa = PBXGroup;
			children = (
				A0B09FE41E16DB9600CEE212 /* FaceView.swift */,
				A0B09FCE1E16DA0700CEE212 /* FaceIt */,
				A0B09FCD1E16DA0700CEE212 /* Products */,
			);
			sourceTree = "<group>";
		};
		A0B09FCD1E16DA0700CEE212 /* Products */ = {
			isa = PBXGroup;
			children = (
				A0B09FCC1E16DA0700CEE212 /* FaceIt.app */,
			);
			name = Products;
			sourceTree = "<group>";
		};
		A0B09FCE1E16DA0700CEE212 /* FaceIt */ = {
			isa = PBXGroup;
			children = (
				A0B09FD11E16DA0700CEE212 /* FaceViewController.swift */,
				A0B09FD31E16DA0700CEE212 /* Main.storyboard */,
				A0B09FE11E16DA4800CEE212 /* Supporting Files */,
			);
			path = FaceIt;
			sourceTree = "<group>";
		};
		A0B09FE11E16DA4800CEE212 /* Supporting Files */ = {
			isa = PBXGroup;
			children = (
				A0B09FCF1E16DA0700CEE212 /* AppDelegate.swift */,
				A0B09FD61E16DA0700CEE212 /* Assets.xcassets */,
				A0B09FD81E16DA0700CEE212 /* LaunchScreen.storyboard */,
				A0B09FDB1E16DA0700CEE212 /* Info.plist */,
			);
			name = "Supporting Files";
			sourceTree = "<group>";
		};
/* End PBXGroup section */

/* Begin PBXNativeTarget section */
		A0B09FCB1E16DA0700CEE212 /* FaceIt */ = {
			isa = PBXNativeTarget;
			buildConfigurationList = A0B09FDE1E16DA0700CEE212 /* Build configuration list for PBXNativeTarget "FaceIt" */;
			buildPhases = (
				A0B09FC81E16DA0700CEE212 /* Sources */,
				A0B09FC91E16DA0700CEE212 /* Frameworks */,
				A0B09FCA1E16DA0700CEE212 /* Resources */,
			);
			buildRules = (
			);
			dependencies = (
			);
			name = FaceIt;
			productName = FaceIt;
			productReference = A0B09FCC1E16DA0700CEE212 /* FaceIt.app */;
			productType = "com.apple.product-type.application";
		};
/* End PBXNativeTarget section */

/* Begin PBXProject section */
		A0B09FC41E16DA0700CEE212 /* Project object */ = {
			isa = PBXProject;
			attributes = {
				LastSwiftUpdateCheck = 0820;
				LastUpgradeCheck = 0820;
				ORGANIZATIONNAME = Private;
				TargetAttributes = {
					A0B09FCB1E16DA0700CEE212 = {
						CreatedOnToolsVersion = 8.2;
						ProvisioningStyle = Automatic;
					};
				};
			};
			buildConfigurationList = A0B09FC71E16DA0700CEE212 /* Build configuration list for PBXProject "FaceIt" */;
			compatibilityVersion = "Xcode 3.2";
			developmentRegion = English;
			hasScannedForEncodings = 0;
			knownRegions = (
				en,
				Base,
			);
			mainGroup = A0B09FC31E16DA0700CEE212;
			productRefGroup = A0B09FCD1E16DA0700CEE212 /* Products */;
			projectDirPath = "";
			projectRoot = "";
			targets = (
				A0B09FCB1E16DA0700CEE212 /* FaceIt */,
			);
		};
/* End PBXProject section */

/* Begin PBXResourcesBuildPhase section */
		A0B09FCA1E16DA0700CEE212 /* Resources */ = {
			isa = PBXResourcesBuildPhase;
			buildActionMask = 2147483647;
			files = (
				A0B09FDA1E16DA0700CEE212 /* LaunchScreen.storyboard in Resources */,
				A0B09FD71E16DA0700CEE212 /* Assets.xcassets in Resources */,
				A0B09FD51E16DA0700CEE212 /* Main.storyboard in Resources */,
			);
			runOnlyForDeploymentPostprocessing = 0;
		};
/* End PBXResourcesBuildPhase section */

/* Begin PBXSourcesBuildPhase section */
		A0B09FC81E16DA0700CEE212 /* Sources */ = {
			isa = PBXSourcesBuildPhase;
			buildActionMask = 2147483647;
			files = (
				A0B09FD21E16DA0700CEE212 /* FaceViewController.swift in Sources */,
				A0B09FD01E16DA0700CEE212 /* AppDelegate.swift in Sources */,
				A0B09FE51E16DB9600CEE212 /* FaceView.swift in Sources */,
			);
			runOnlyForDeploymentPostprocessing = 0;
		};
/* End PBXSourcesBuildPhase section */

/* Begin PBXVariantGroup section */
		A0B09FD31E16DA0700CEE212 /* Main.storyboard */ = {
			isa = PBXVariantGroup;
			children = (
				A0B09FD41E16DA0700CEE212 /* Base */,
			);
			name = Main.storyboard;
			sourceTree = "<group>";
		};
		A0B09FD81E16DA0700CEE212 /* LaunchScreen.storyboard */ = {
			isa = PBXVariantGroup;
			children = (
				A0B09FD91E16DA0700CEE212 /* Base */,
			);
			name = LaunchScreen.storyboard;
			sourceTree = "<group>";
		};
/* End PBXVariantGroup section */

/* Begin XCBuildConfiguration section */
		A0B09FDC1E16DA0700CEE212 /* Debug */ = {
			isa = XCBuildConfiguration;
			buildSettings = {
				ALWAYS_SEARCH_USER_PATHS = NO;
				CLANG_ANALYZER_NONNULL = YES;
				CLANG_CXX_LANGUAGE_STANDARD = "gnu++0x";
				CLANG_CXX_LIBRARY = "libc++";
				CLANG_ENABLE_MODULES = YES;
				CLANG_ENABLE_OBJC_ARC = YES;
				CLANG_WARN_BOOL_CONVERSION = YES;
				CLANG_WARN_CONSTANT_CONVERSION = YES;
				CLANG_WARN_DIRECT_OBJC_ISA_USAGE = YES_ERROR;
				CLANG_WARN_DOCUMENTATION_COMMENTS = YES;
				CLANG_WARN_EMPTY_BODY = YES;
				CLANG_WARN_ENUM_CONVERSION = YES;
				CLANG_WARN_INFINITE_RECURSION = YES;
				CLANG_WARN_INT_CONVERSION = YES;
				CLANG_WARN_OBJC_ROOT_CLASS = YES_ERROR;
				CLANG_WARN_SUSPICIOUS_MOVE = YES;
				CLANG_WARN_UNREACHABLE_CODE = YES;
				CLANG_WARN__DUPLICATE_METHOD_MATCH = YES;
				"CODE_SIGN_IDENTITY[sdk=iphoneos*]" = "iPhone Developer";
				COPY_PHASE_STRIP = NO;
				DEBUG_INFORMATION_FORMAT = dwarf;
				ENABLE_STRICT_OBJC_MSGSEND = YES;
				ENABLE_TESTABILITY = YES;
				GCC_C_LANGUAGE_STANDARD = gnu99;
				GCC_DYNAMIC_NO_PIC = NO;
				GCC_NO_COMMON_BLOCKS = YES;
				GCC_OPTIMIZATION_LEVEL = 0;
				GCC_PREPROCESSOR_DEFINITIONS = (
					"DEBUG=1",
					"$(inherited)",
				);
				GCC_WARN_64_TO_32_BIT_CONVERSION = YES;
				GCC_WARN_ABOUT_RETURN_TYPE = YES_ERROR;
				GCC_WARN_UNDECLARED_SELECTOR = YES;
				GCC_WARN_UNINITIALIZED_AUTOS = YES_AGGRESSIVE;
				GCC_WARN_UNUSED_FUNCTION = YES;
				GCC_WARN_UNUSED_VARIABLE = YES;
				IPHONEOS_DEPLOYMENT_TARGET = 10.2;
				MTL_ENABLE_DEBUG_INFO = YES;
				ONLY_ACTIVE_ARCH = YES;
				SDKROOT = iphoneos;
				SWIFT_ACTIVE_COMPILATION_CONDITIONS = DEBUG;
				SWIFT_OPTIMIZATION_LEVEL = "-Onone";
				TARGETED_DEVICE_FAMILY = "1,2";
			};
			name = Debug;
		};
		A0B09FDD1E16DA0700CEE212 /* Release */ = {
			isa = XCBuildConfiguration;
			buildSettings = {
				ALWAYS_SEARCH_USER_PATHS = NO;
				CLANG_ANALYZER_NONNULL = YES;
				CLANG_CXX_LANGUAGE_STANDARD = "gnu++0x";
				CLANG_CXX_LIBRARY = "libc++";
				CLANG_ENABLE_MODULES = YES;
				CLANG_ENABLE_OBJC_ARC = YES;
				CLANG_WARN_BOOL_CONVERSION = YES;
				CLANG_WARN_CONSTANT_CONVERSION = YES;
				CLANG_WARN_DIRECT_OBJC_ISA_USAGE = YES_ERROR;
				CLANG_WARN_DOCUMENTATION_COMMENTS = YES;
				CLANG_WARN_EMPTY_BODY = YES;
				CLANG_WARN_ENUM_CONVERSION = YES;
				CLANG_WARN_INFINITE_RECURSION = YES;
				CLANG_WARN_INT_CONVERSION = YES;
				CLANG_WARN_OBJC_ROOT_CLASS = YES_ERROR;
				CLANG_WARN_SUSPICIOUS_MOVE = YES;
				CLANG_WARN_UNREACHABLE_CODE = YES;
				CLANG_WARN__DUPLICATE_METHOD_MATCH = YES;
				"CODE_SIGN_IDENTITY[sdk=iphoneos*]" = "iPhone Developer";
				COPY_PHASE_STRIP = NO;
				DEBUG_INFORMATION_FORMAT = "dwarf-with-dsym";
				ENABLE_NS_ASSERTIONS = NO;
				ENABLE_STRICT_OBJC_MSGSEND = YES;
				GCC_C_LANGUAGE_STANDARD = gnu99;
				GCC_NO_COMMON_BLOCKS = YES;
				GCC_WARN_64_TO_32_BIT_CONVERSION = YES;
				GCC_WARN_ABOUT_RETURN_TYPE = YES_ERROR;
				GCC_WARN_UNDECLARED_SELECTOR = YES;
				GCC_WARN_UNINITIALIZED_AUTOS = YES_AGGRESSIVE;
				GCC_WARN_UNUSED_FUNCTION = YES;
				GCC_WARN_UNUSED_VARIABLE = YES;
				IPHONEOS_DEPLOYMENT_TARGET = 10.2;
				MTL_ENABLE_DEBUG_INFO = NO;
				SDKROOT = iphoneos;
				SWIFT_OPTIMIZATION_LEVEL = "-Owholemodule";
				TARGETED_DEVICE_FAMILY = "1,2";
				VALIDATE_PRODUCT = YES;
			};
			name = Release;
		};
		A0B09FDF1E16DA0700CEE212 /* Debug */ = {
			isa = XCBuildConfiguration;
			buildSettings = {
				ASSETCATALOG_COMPILER_APPICON_NAME = AppIcon;
				INFOPLIST_FILE = FaceIt/Info.plist;
				LD_RUNPATH_SEARCH_PATHS = "$(inherited) @executable_path/Frameworks";
				PRODUCT_BUNDLE_IDENTIFIER = com.example.FaceIt;
				PRODUCT_NAME = "$(TARGET_NAME)";
				SWIFT_VERSION = 3.0;
			};
			name = Debug;
		};
		A0B09FE01E16DA0700CEE212 /* Release */ = {
			isa = XCBuildConfiguration;
			buildSettings = {
				ASSETCATALOG_COMPILER_APPICON_NAME = AppIcon;
				INFOPLIST_FILE = FaceIt/Info.plist;
				LD_RUNPATH_SEARCH_PATHS = "$(inherited) @executable_path/Frameworks";
				PRODUCT_BUNDLE_IDENTIFIER = com.example.FaceIt;
				PRODUCT_NAME = "$(TARGET_NAME)";
				SWIFT_VERSION = 3.0;
			};
			name = Release;
		};
/* End XCBuildConfiguration section */

/* Begin XCConfigurationList section */
		A0B09FC71E16DA0700CEE212 /* Build configuration list for PBXProject "FaceIt" */ = {
			isa = XCConfigurationList;
			buildConfigurations = (
				A0B09FDC1E16DA0700CEE212 /* Debug */,
				A0B09FDD1E16DA0700CEE212 /* Release */,
			);
			defaultConfigurationIsVisible = 0;
			defaultConfigurationName = Release;
		};
		A0B09FDE1E16DA0700CEE212 /* Build configuration list for PBXNativeTarget "FaceIt" */ = {
			isa = XCConfigurationList;
			buildConfigurations = (
				A0B09FDF1E16DA0700CEE212 /* Debug */,
				A0B09FE01E16DA0700CEE212 /* Release */,
			);
			defaultConfigurationIsVisible = 0;
		};
/* End XCConfigurationList section */
	};
	rootObject = A0B09FC41E16DA0700CEE212 /* Project object */;
}
